// !$*UTF8*$!
{
	archiveVersion = 1;
	classes = {
	};
	objectVersion = 51;
	objects = {

/* Begin PBXBuildFile section */
		8B0130A425E94A280096EC60 /* ProgressViewController.swift in Sources */ = {isa = PBXBuildFile; fileRef = 8B0130A325E94A280096EC60 /* ProgressViewController.swift */; };
		8B0130AB25E969B30096EC60 /* GraphViewController.swift in Sources */ = {isa = PBXBuildFile; fileRef = 8B0130AA25E969B30096EC60 /* GraphViewController.swift */; };
		8B0130B125EA83E70096EC60 /* ProgressTableViewCell.swift in Sources */ = {isa = PBXBuildFile; fileRef = 8B0130AF25EA83E70096EC60 /* ProgressTableViewCell.swift */; };
		8B0130B225EA83E70096EC60 /* ProgressTableViewCell.xib in Resources */ = {isa = PBXBuildFile; fileRef = 8B0130B025EA83E70096EC60 /* ProgressTableViewCell.xib */; };
		8B0130B625EDD2280096EC60 /* EventManager.swift in Sources */ = {isa = PBXBuildFile; fileRef = 8B0130B525EDD2280096EC60 /* EventManager.swift */; };
		8B053ED6259AC5FE00C9F4A9 /* HealthManager.swift in Sources */ = {isa = PBXBuildFile; fileRef = 8B053ED5259AC5FE00C9F4A9 /* HealthManager.swift */; };
		8B053EDA259BFE7100C9F4A9 /* HealthKit.framework in Frameworks */ = {isa = PBXBuildFile; fileRef = 8B053ED9259BFE7100C9F4A9 /* HealthKit.framework */; };
		8B08FCE225C09AF500A4DAC9 /* RunGameViewController.swift in Sources */ = {isa = PBXBuildFile; fileRef = 8B08FCE125C09AF500A4DAC9 /* RunGameViewController.swift */; };
		8B08FCE525C0A82400A4DAC9 /* MyUtils.swift in Sources */ = {isa = PBXBuildFile; fileRef = 8B08FCE425C0A82400A4DAC9 /* MyUtils.swift */; };
		8B08FCE925C2460800A4DAC9 /* GameElement.swift in Sources */ = {isa = PBXBuildFile; fileRef = 8B08FCE825C2460800A4DAC9 /* GameElement.swift */; };
		8B08FCEC25C24A2A00A4DAC9 /* CountdownLabel.swift in Sources */ = {isa = PBXBuildFile; fileRef = 8B08FCEB25C24A2A00A4DAC9 /* CountdownLabel.swift */; };
		8B08FCEF25C2F16C00A4DAC9 /* MotionManager.swift in Sources */ = {isa = PBXBuildFile; fileRef = 8B08FCEE25C2F16C00A4DAC9 /* MotionManager.swift */; };
		8B33B1DF257EE72100475C01 /* HomeViewExtension.swift in Sources */ = {isa = PBXBuildFile; fileRef = 8B33B1DE257EE72100475C01 /* HomeViewExtension.swift */; };
		8B47B93E25F9B510008B1372 /* FTButtonNode.swift in Sources */ = {isa = PBXBuildFile; fileRef = 8B47B93D25F9B510008B1372 /* FTButtonNode.swift */; };
		8B4EE19025BF179A0021E98A /* FightArenaViewController.swift in Sources */ = {isa = PBXBuildFile; fileRef = 8B4EE18F25BF179A0021E98A /* FightArenaViewController.swift */; };
		8B4EE19625BF1CE50021E98A /* GameScene.swift in Sources */ = {isa = PBXBuildFile; fileRef = 8B4EE19525BF1CE50021E98A /* GameScene.swift */; };
		8B4F3E7D2609F39B00A326B9 /* MavenPro-Bold.ttf in Resources */ = {isa = PBXBuildFile; fileRef = 8B4F3E772609F39800A326B9 /* MavenPro-Bold.ttf */; };
		8B4F3E7E2609F39B00A326B9 /* MavenPro-SemiBold.ttf in Resources */ = {isa = PBXBuildFile; fileRef = 8B4F3E782609F39800A326B9 /* MavenPro-SemiBold.ttf */; };
		8B4F3E7F2609F39B00A326B9 /* MavenPro-Regular.ttf in Resources */ = {isa = PBXBuildFile; fileRef = 8B4F3E792609F39900A326B9 /* MavenPro-Regular.ttf */; };
		8B4F3E802609F39B00A326B9 /* MavenPro-ExtraBold.ttf in Resources */ = {isa = PBXBuildFile; fileRef = 8B4F3E7A2609F39900A326B9 /* MavenPro-ExtraBold.ttf */; };
		8B4F3E812609F39B00A326B9 /* MavenPro-Black.ttf in Resources */ = {isa = PBXBuildFile; fileRef = 8B4F3E7B2609F39A00A326B9 /* MavenPro-Black.ttf */; };
		8B4F3E822609F39B00A326B9 /* MavenPro-Medium.ttf in Resources */ = {isa = PBXBuildFile; fileRef = 8B4F3E7C2609F39B00A326B9 /* MavenPro-Medium.ttf */; };
		8B4F3E852609F3A800A326B9 /* MavenPro-VariableFont_wght.ttf in Resources */ = {isa = PBXBuildFile; fileRef = 8B4F3E842609F3A800A326B9 /* MavenPro-VariableFont_wght.ttf */; };
		8B4F3E88260CDE4100A326B9 /* ProfileHelpViewController.swift in Sources */ = {isa = PBXBuildFile; fileRef = 8B4F3E87260CDE4100A326B9 /* ProfileHelpViewController.swift */; };
		8B4F3E8D260CFD2300A326B9 /* GameHelpViewController.swift in Sources */ = {isa = PBXBuildFile; fileRef = 8B4F3E8C260CFD2300A326B9 /* GameHelpViewController.swift */; };
		8B51CC9A25795F8800A61078 /* LeaderboardViewController.swift in Sources */ = {isa = PBXBuildFile; fileRef = 8B51CC9925795F8800A61078 /* LeaderboardViewController.swift */; };
		8B51CCA1257AA7F900A61078 /* SettingViewExtension.swift in Sources */ = {isa = PBXBuildFile; fileRef = 8B51CCA0257AA7F900A61078 /* SettingViewExtension.swift */; };
		8B51CCA8257AC41700A61078 /* LoginViewExtension.swift in Sources */ = {isa = PBXBuildFile; fileRef = 8B51CCA7257AC41700A61078 /* LoginViewExtension.swift */; };
		8B533EF125DC26A000F84B98 /* PrototypeTableViewCell.swift in Sources */ = {isa = PBXBuildFile; fileRef = 8B533EEF25DC26A000F84B98 /* PrototypeTableViewCell.swift */; };
		8B533EF225DC26A000F84B98 /* PrototypeTableViewCell.xib in Resources */ = {isa = PBXBuildFile; fileRef = 8B533EF025DC26A000F84B98 /* PrototypeTableViewCell.xib */; };
		8B533EF525DDAEC300F84B98 /* FriendViewController.swift in Sources */ = {isa = PBXBuildFile; fileRef = 8B533EF425DDAEC300F84B98 /* FriendViewController.swift */; };
		8B533EF925DDB7C300F84B98 /* FriendRequestViewController.swift in Sources */ = {isa = PBXBuildFile; fileRef = 8B533EF825DDB7C300F84B98 /* FriendRequestViewController.swift */; };
		8B533F0125DEDD4800F84B98 /* FriendTableViewCell.swift in Sources */ = {isa = PBXBuildFile; fileRef = 8B533EFF25DEDD4800F84B98 /* FriendTableViewCell.swift */; };
		8B533F0225DEDD4800F84B98 /* FriendTableViewCell.xib in Resources */ = {isa = PBXBuildFile; fileRef = 8B533F0025DEDD4800F84B98 /* FriendTableViewCell.xib */; };
		8B533F0A25DF668600F84B98 /* FriendLsitTableViewCell.swift in Sources */ = {isa = PBXBuildFile; fileRef = 8B533F0825DF668600F84B98 /* FriendLsitTableViewCell.swift */; };
		8B533F0B25DF668600F84B98 /* FriendLsitTableViewCell.xib in Resources */ = {isa = PBXBuildFile; fileRef = 8B533F0925DF668600F84B98 /* FriendLsitTableViewCell.xib */; };
		8B533F0F25E323AA00F84B98 /* LeaderboardTableViewCell.swift in Sources */ = {isa = PBXBuildFile; fileRef = 8B533F0D25E323AA00F84B98 /* LeaderboardTableViewCell.swift */; };
		8B533F1025E323AA00F84B98 /* LeaderboardTableViewCell.xib in Resources */ = {isa = PBXBuildFile; fileRef = 8B533F0E25E323AA00F84B98 /* LeaderboardTableViewCell.xib */; };
		8B66F5742561D86200067D7F /* AppDelegate.swift in Sources */ = {isa = PBXBuildFile; fileRef = 8B66F5732561D86200067D7F /* AppDelegate.swift */; };
		8B66F5762561D86200067D7F /* SceneDelegate.swift in Sources */ = {isa = PBXBuildFile; fileRef = 8B66F5752561D86200067D7F /* SceneDelegate.swift */; };
		8B66F5782561D86200067D7F /* HomeViewController.swift in Sources */ = {isa = PBXBuildFile; fileRef = 8B66F5772561D86200067D7F /* HomeViewController.swift */; };
		8B66F57B2561D86200067D7F /* Main.storyboard in Resources */ = {isa = PBXBuildFile; fileRef = 8B66F5792561D86200067D7F /* Main.storyboard */; };
		8B66F57D2561D86600067D7F /* Assets.xcassets in Resources */ = {isa = PBXBuildFile; fileRef = 8B66F57C2561D86600067D7F /* Assets.xcassets */; };
		8B66F5802561D86600067D7F /* LaunchScreen.storyboard in Resources */ = {isa = PBXBuildFile; fileRef = 8B66F57E2561D86600067D7F /* LaunchScreen.storyboard */; };
		8B66F5932561DB4A00067D7F /* LoginViewController.swift in Sources */ = {isa = PBXBuildFile; fileRef = 8B66F5922561DB4A00067D7F /* LoginViewController.swift */; };
		8B66F5962561DB6400067D7F /* RegistrationViewController.swift in Sources */ = {isa = PBXBuildFile; fileRef = 8B66F5952561DB6400067D7F /* RegistrationViewController.swift */; };
		8B66F59D2565F13700067D7F /* GoogleService-Info.plist in Resources */ = {isa = PBXBuildFile; fileRef = 8B66F59C2565F13700067D7F /* GoogleService-Info.plist */; };
		8B6A5DFC25C36F4300A89D80 /* youwin.mp3 in Resources */ = {isa = PBXBuildFile; fileRef = 8B6A5DFB25C36F4300A89D80 /* youwin.mp3 */; };
		8B6A5DFF25C3709F00A89D80 /* gameover.mp3 in Resources */ = {isa = PBXBuildFile; fileRef = 8B6A5DFE25C3709E00A89D80 /* gameover.mp3 */; };
		8B6A5E0225C370FB00A89D80 /* youwin2.mp3 in Resources */ = {isa = PBXBuildFile; fileRef = 8B6A5E0125C370FB00A89D80 /* youwin2.mp3 */; };
		8B6A5E0725C6507100A89D80 /* FightScene.swift in Sources */ = {isa = PBXBuildFile; fileRef = 8B6A5E0625C6507100A89D80 /* FightScene.swift */; };
		8B72231F25EEFBFA0058C6F1 /* NotificationManager.swift in Sources */ = {isa = PBXBuildFile; fileRef = 8B72231E25EEFBF90058C6F1 /* NotificationManager.swift */; };
		8B72232325EFD8190058C6F1 /* NotificationSettingViewController.swift in Sources */ = {isa = PBXBuildFile; fileRef = 8B72232225EFD8190058C6F1 /* NotificationSettingViewController.swift */; };
		8BB6949A2568307E0057B175 /* DatabaseManager.swift in Sources */ = {isa = PBXBuildFile; fileRef = 8BB694992568307E0057B175 /* DatabaseManager.swift */; };
		8BB6949D256831420057B175 /* AuthManager.swift in Sources */ = {isa = PBXBuildFile; fileRef = 8BB6949C256831420057B175 /* AuthManager.swift */; };
		8BB694A0256831660057B175 /* StorageManager.swift in Sources */ = {isa = PBXBuildFile; fileRef = 8BB6949F256831660057B175 /* StorageManager.swift */; };
		8BB694B7256C3C1F0057B175 /* Extension.swift in Sources */ = {isa = PBXBuildFile; fileRef = 8BB694B6256C3C1F0057B175 /* Extension.swift */; };
		8BB694BB256D54D70057B175 /* SettingViewController.swift in Sources */ = {isa = PBXBuildFile; fileRef = 8BB694BA256D54D70057B175 /* SettingViewController.swift */; };
		8BB694C0256D96400057B175 /* ProfileViewController.swift in Sources */ = {isa = PBXBuildFile; fileRef = 8BB694BF256D96400057B175 /* ProfileViewController.swift */; };
		8BC967FD257C33870017E4E8 /* Storyboard.storyboard in Resources */ = {isa = PBXBuildFile; fileRef = 8BC967FC257C33870017E4E8 /* Storyboard.storyboard */; };
		8BC96800257C33E00017E4E8 /* PasswordRecoverViewController.swift in Sources */ = {isa = PBXBuildFile; fileRef = 8BC967FF257C33E00017E4E8 /* PasswordRecoverViewController.swift */; };
		8BC96803257C35500017E4E8 /* PasswordRecoveredExtension.swift in Sources */ = {isa = PBXBuildFile; fileRef = 8BC96802257C35500017E4E8 /* PasswordRecoveredExtension.swift */; };
		8BF65C0425CA4DAA00529B7C /* slash.mp3 in Resources */ = {isa = PBXBuildFile; fileRef = 8BF65C0325CA4DAA00529B7C /* slash.mp3 */; };
		8BF65C0725CA520100529B7C /* punch.mp3 in Resources */ = {isa = PBXBuildFile; fileRef = 8BF65C0625CA520100529B7C /* punch.mp3 */; };
		8BF65C0A25CCE67300529B7C /* HealthManagerExtension.swift in Sources */ = {isa = PBXBuildFile; fileRef = 8BF65C0925CCE67300529B7C /* HealthManagerExtension.swift */; };
		AD0884A7F81EF0F14F848623 /* Pods_mHealthGame.framework in Frameworks */ = {isa = PBXBuildFile; fileRef = 1DBDF773429D0FB701298499 /* Pods_mHealthGame.framework */; };
/* End PBXBuildFile section */

/* Begin PBXFileReference section */
		1DBDF773429D0FB701298499 /* Pods_mHealthGame.framework */ = {isa = PBXFileReference; explicitFileType = wrapper.framework; includeInIndex = 0; path = Pods_mHealthGame.framework; sourceTree = BUILT_PRODUCTS_DIR; };
		222989B0A8AC712A2E7F3C87 /* Pods-mHealthGame.debug.xcconfig */ = {isa = PBXFileReference; includeInIndex = 1; lastKnownFileType = text.xcconfig; name = "Pods-mHealthGame.debug.xcconfig"; path = "Target Support Files/Pods-mHealthGame/Pods-mHealthGame.debug.xcconfig"; sourceTree = "<group>"; };
		8B0130A325E94A280096EC60 /* ProgressViewController.swift */ = {isa = PBXFileReference; lastKnownFileType = sourcecode.swift; path = ProgressViewController.swift; sourceTree = "<group>"; };
		8B0130AA25E969B30096EC60 /* GraphViewController.swift */ = {isa = PBXFileReference; lastKnownFileType = sourcecode.swift; path = GraphViewController.swift; sourceTree = "<group>"; };
		8B0130AF25EA83E70096EC60 /* ProgressTableViewCell.swift */ = {isa = PBXFileReference; lastKnownFileType = sourcecode.swift; path = ProgressTableViewCell.swift; sourceTree = "<group>"; };
		8B0130B025EA83E70096EC60 /* ProgressTableViewCell.xib */ = {isa = PBXFileReference; lastKnownFileType = file.xib; path = ProgressTableViewCell.xib; sourceTree = "<group>"; };
		8B0130B525EDD2280096EC60 /* EventManager.swift */ = {isa = PBXFileReference; lastKnownFileType = sourcecode.swift; path = EventManager.swift; sourceTree = "<group>"; };
		8B053ED5259AC5FE00C9F4A9 /* HealthManager.swift */ = {isa = PBXFileReference; lastKnownFileType = sourcecode.swift; path = HealthManager.swift; sourceTree = "<group>"; };
		8B053ED8259BFE7100C9F4A9 /* mHealthGame.entitlements */ = {isa = PBXFileReference; lastKnownFileType = text.plist.entitlements; path = mHealthGame.entitlements; sourceTree = "<group>"; };
		8B053ED9259BFE7100C9F4A9 /* HealthKit.framework */ = {isa = PBXFileReference; lastKnownFileType = wrapper.framework; name = HealthKit.framework; path = System/Library/Frameworks/HealthKit.framework; sourceTree = SDKROOT; };
		8B08FCE125C09AF500A4DAC9 /* RunGameViewController.swift */ = {isa = PBXFileReference; lastKnownFileType = sourcecode.swift; path = RunGameViewController.swift; sourceTree = "<group>"; };
		8B08FCE425C0A82400A4DAC9 /* MyUtils.swift */ = {isa = PBXFileReference; lastKnownFileType = sourcecode.swift; path = MyUtils.swift; sourceTree = "<group>"; };
		8B08FCE825C2460800A4DAC9 /* GameElement.swift */ = {isa = PBXFileReference; lastKnownFileType = sourcecode.swift; path = GameElement.swift; sourceTree = "<group>"; };
		8B08FCEB25C24A2A00A4DAC9 /* CountdownLabel.swift */ = {isa = PBXFileReference; lastKnownFileType = sourcecode.swift; path = CountdownLabel.swift; sourceTree = "<group>"; };
		8B08FCEE25C2F16C00A4DAC9 /* MotionManager.swift */ = {isa = PBXFileReference; lastKnownFileType = sourcecode.swift; path = MotionManager.swift; sourceTree = "<group>"; };
		8B33B1DE257EE72100475C01 /* HomeViewExtension.swift */ = {isa = PBXFileReference; lastKnownFileType = sourcecode.swift; path = HomeViewExtension.swift; sourceTree = "<group>"; };
		8B47B93D25F9B510008B1372 /* FTButtonNode.swift */ = {isa = PBXFileReference; lastKnownFileType = sourcecode.swift; path = FTButtonNode.swift; sourceTree = "<group>"; };
		8B4EE18F25BF179A0021E98A /* FightArenaViewController.swift */ = {isa = PBXFileReference; lastKnownFileType = sourcecode.swift; path = FightArenaViewController.swift; sourceTree = "<group>"; };
		8B4EE19525BF1CE50021E98A /* GameScene.swift */ = {isa = PBXFileReference; lastKnownFileType = sourcecode.swift; path = GameScene.swift; sourceTree = "<group>"; };
		8B4F3E772609F39800A326B9 /* MavenPro-Bold.ttf */ = {isa = PBXFileReference; lastKnownFileType = file; path = "MavenPro-Bold.ttf"; sourceTree = "<group>"; };
		8B4F3E782609F39800A326B9 /* MavenPro-SemiBold.ttf */ = {isa = PBXFileReference; lastKnownFileType = file; path = "MavenPro-SemiBold.ttf"; sourceTree = "<group>"; };
		8B4F3E792609F39900A326B9 /* MavenPro-Regular.ttf */ = {isa = PBXFileReference; lastKnownFileType = file; path = "MavenPro-Regular.ttf"; sourceTree = "<group>"; };
		8B4F3E7A2609F39900A326B9 /* MavenPro-ExtraBold.ttf */ = {isa = PBXFileReference; lastKnownFileType = file; path = "MavenPro-ExtraBold.ttf"; sourceTree = "<group>"; };
		8B4F3E7B2609F39A00A326B9 /* MavenPro-Black.ttf */ = {isa = PBXFileReference; lastKnownFileType = file; path = "MavenPro-Black.ttf"; sourceTree = "<group>"; };
		8B4F3E7C2609F39B00A326B9 /* MavenPro-Medium.ttf */ = {isa = PBXFileReference; lastKnownFileType = file; path = "MavenPro-Medium.ttf"; sourceTree = "<group>"; };
		8B4F3E842609F3A800A326B9 /* MavenPro-VariableFont_wght.ttf */ = {isa = PBXFileReference; lastKnownFileType = file; path = "MavenPro-VariableFont_wght.ttf"; sourceTree = "<group>"; };
		8B4F3E87260CDE4100A326B9 /* ProfileHelpViewController.swift */ = {isa = PBXFileReference; lastKnownFileType = sourcecode.swift; path = ProfileHelpViewController.swift; sourceTree = "<group>"; };
		8B4F3E8C260CFD2300A326B9 /* GameHelpViewController.swift */ = {isa = PBXFileReference; lastKnownFileType = sourcecode.swift; path = GameHelpViewController.swift; sourceTree = "<group>"; };
		8B51CC9925795F8800A61078 /* LeaderboardViewController.swift */ = {isa = PBXFileReference; lastKnownFileType = sourcecode.swift; path = LeaderboardViewController.swift; sourceTree = "<group>"; };
		8B51CCA0257AA7F900A61078 /* SettingViewExtension.swift */ = {isa = PBXFileReference; lastKnownFileType = sourcecode.swift; path = SettingViewExtension.swift; sourceTree = "<group>"; };
		8B51CCA7257AC41700A61078 /* LoginViewExtension.swift */ = {isa = PBXFileReference; lastKnownFileType = sourcecode.swift; path = LoginViewExtension.swift; sourceTree = "<group>"; };
		8B533EEF25DC26A000F84B98 /* PrototypeTableViewCell.swift */ = {isa = PBXFileReference; lastKnownFileType = sourcecode.swift; path = PrototypeTableViewCell.swift; sourceTree = "<group>"; };
		8B533EF025DC26A000F84B98 /* PrototypeTableViewCell.xib */ = {isa = PBXFileReference; lastKnownFileType = file.xib; path = PrototypeTableViewCell.xib; sourceTree = "<group>"; };
		8B533EF425DDAEC300F84B98 /* FriendViewController.swift */ = {isa = PBXFileReference; lastKnownFileType = sourcecode.swift; path = FriendViewController.swift; sourceTree = "<group>"; };
		8B533EF825DDB7C300F84B98 /* FriendRequestViewController.swift */ = {isa = PBXFileReference; lastKnownFileType = sourcecode.swift; path = FriendRequestViewController.swift; sourceTree = "<group>"; };
		8B533EFF25DEDD4800F84B98 /* FriendTableViewCell.swift */ = {isa = PBXFileReference; lastKnownFileType = sourcecode.swift; path = FriendTableViewCell.swift; sourceTree = "<group>"; };
		8B533F0025DEDD4800F84B98 /* FriendTableViewCell.xib */ = {isa = PBXFileReference; lastKnownFileType = file.xib; path = FriendTableViewCell.xib; sourceTree = "<group>"; };
		8B533F0825DF668600F84B98 /* FriendLsitTableViewCell.swift */ = {isa = PBXFileReference; lastKnownFileType = sourcecode.swift; path = FriendLsitTableViewCell.swift; sourceTree = "<group>"; };
		8B533F0925DF668600F84B98 /* FriendLsitTableViewCell.xib */ = {isa = PBXFileReference; lastKnownFileType = file.xib; path = FriendLsitTableViewCell.xib; sourceTree = "<group>"; };
		8B533F0D25E323AA00F84B98 /* LeaderboardTableViewCell.swift */ = {isa = PBXFileReference; lastKnownFileType = sourcecode.swift; path = LeaderboardTableViewCell.swift; sourceTree = "<group>"; };
		8B533F0E25E323AA00F84B98 /* LeaderboardTableViewCell.xib */ = {isa = PBXFileReference; lastKnownFileType = file.xib; path = LeaderboardTableViewCell.xib; sourceTree = "<group>"; };
		8B66F5702561D86200067D7F /* mHealthGame.app */ = {isa = PBXFileReference; explicitFileType = wrapper.application; includeInIndex = 0; path = mHealthGame.app; sourceTree = BUILT_PRODUCTS_DIR; };
		8B66F5732561D86200067D7F /* AppDelegate.swift */ = {isa = PBXFileReference; lastKnownFileType = sourcecode.swift; path = AppDelegate.swift; sourceTree = "<group>"; };
		8B66F5752561D86200067D7F /* SceneDelegate.swift */ = {isa = PBXFileReference; lastKnownFileType = sourcecode.swift; path = SceneDelegate.swift; sourceTree = "<group>"; };
		8B66F5772561D86200067D7F /* HomeViewController.swift */ = {isa = PBXFileReference; lastKnownFileType = sourcecode.swift; path = HomeViewController.swift; sourceTree = "<group>"; };
		8B66F57A2561D86200067D7F /* Base */ = {isa = PBXFileReference; lastKnownFileType = file.storyboard; name = Base; path = Base.lproj/Main.storyboard; sourceTree = "<group>"; };
		8B66F57C2561D86600067D7F /* Assets.xcassets */ = {isa = PBXFileReference; lastKnownFileType = folder.assetcatalog; path = Assets.xcassets; sourceTree = "<group>"; };
		8B66F57F2561D86600067D7F /* Base */ = {isa = PBXFileReference; lastKnownFileType = file.storyboard; name = Base; path = Base.lproj/LaunchScreen.storyboard; sourceTree = "<group>"; };
		8B66F5812561D86600067D7F /* Info.plist */ = {isa = PBXFileReference; lastKnownFileType = text.plist.xml; path = Info.plist; sourceTree = "<group>"; };
		8B66F5922561DB4A00067D7F /* LoginViewController.swift */ = {isa = PBXFileReference; lastKnownFileType = sourcecode.swift; path = LoginViewController.swift; sourceTree = "<group>"; };
		8B66F5952561DB6400067D7F /* RegistrationViewController.swift */ = {isa = PBXFileReference; lastKnownFileType = sourcecode.swift; path = RegistrationViewController.swift; sourceTree = "<group>"; };
		8B66F59C2565F13700067D7F /* GoogleService-Info.plist */ = {isa = PBXFileReference; lastKnownFileType = text.plist; name = "GoogleService-Info.plist"; path = "mHealthGame/GoogleService-Info.plist"; sourceTree = SOURCE_ROOT; };
		8B6A5DFB25C36F4300A89D80 /* youwin.mp3 */ = {isa = PBXFileReference; lastKnownFileType = audio.mp3; path = youwin.mp3; sourceTree = "<group>"; };
		8B6A5DFE25C3709E00A89D80 /* gameover.mp3 */ = {isa = PBXFileReference; lastKnownFileType = audio.mp3; path = gameover.mp3; sourceTree = "<group>"; };
		8B6A5E0125C370FB00A89D80 /* youwin2.mp3 */ = {isa = PBXFileReference; lastKnownFileType = audio.mp3; path = youwin2.mp3; sourceTree = "<group>"; };
		8B6A5E0625C6507100A89D80 /* FightScene.swift */ = {isa = PBXFileReference; lastKnownFileType = sourcecode.swift; path = FightScene.swift; sourceTree = "<group>"; };
		8B72231E25EEFBF90058C6F1 /* NotificationManager.swift */ = {isa = PBXFileReference; lastKnownFileType = sourcecode.swift; path = NotificationManager.swift; sourceTree = "<group>"; };
		8B72232225EFD8190058C6F1 /* NotificationSettingViewController.swift */ = {isa = PBXFileReference; lastKnownFileType = sourcecode.swift; path = NotificationSettingViewController.swift; sourceTree = "<group>"; };
		8BB694992568307E0057B175 /* DatabaseManager.swift */ = {isa = PBXFileReference; lastKnownFileType = sourcecode.swift; path = DatabaseManager.swift; sourceTree = "<group>"; };
		8BB6949C256831420057B175 /* AuthManager.swift */ = {isa = PBXFileReference; lastKnownFileType = sourcecode.swift; path = AuthManager.swift; sourceTree = "<group>"; };
		8BB6949F256831660057B175 /* StorageManager.swift */ = {isa = PBXFileReference; lastKnownFileType = sourcecode.swift; path = StorageManager.swift; sourceTree = "<group>"; };
		8BB694B6256C3C1F0057B175 /* Extension.swift */ = {isa = PBXFileReference; lastKnownFileType = sourcecode.swift; path = Extension.swift; sourceTree = "<group>"; };
		8BB694BA256D54D70057B175 /* SettingViewController.swift */ = {isa = PBXFileReference; lastKnownFileType = sourcecode.swift; path = SettingViewController.swift; sourceTree = "<group>"; };
		8BB694BF256D96400057B175 /* ProfileViewController.swift */ = {isa = PBXFileReference; lastKnownFileType = sourcecode.swift; path = ProfileViewController.swift; sourceTree = "<group>"; };
		8BC967FC257C33870017E4E8 /* Storyboard.storyboard */ = {isa = PBXFileReference; lastKnownFileType = file.storyboard; path = Storyboard.storyboard; sourceTree = "<group>"; };
		8BC967FF257C33E00017E4E8 /* PasswordRecoverViewController.swift */ = {isa = PBXFileReference; lastKnownFileType = sourcecode.swift; path = PasswordRecoverViewController.swift; sourceTree = "<group>"; };
		8BC96802257C35500017E4E8 /* PasswordRecoveredExtension.swift */ = {isa = PBXFileReference; lastKnownFileType = sourcecode.swift; path = PasswordRecoveredExtension.swift; sourceTree = "<group>"; };
		8BF65C0325CA4DAA00529B7C /* slash.mp3 */ = {isa = PBXFileReference; lastKnownFileType = audio.mp3; path = slash.mp3; sourceTree = "<group>"; };
		8BF65C0625CA520100529B7C /* punch.mp3 */ = {isa = PBXFileReference; lastKnownFileType = audio.mp3; path = punch.mp3; sourceTree = "<group>"; };
		8BF65C0925CCE67300529B7C /* HealthManagerExtension.swift */ = {isa = PBXFileReference; lastKnownFileType = sourcecode.swift; path = HealthManagerExtension.swift; sourceTree = "<group>"; };
		A9F0CD0729FC7F4D8A5FDA34 /* Pods-mHealthGame.release.xcconfig */ = {isa = PBXFileReference; includeInIndex = 1; lastKnownFileType = text.xcconfig; name = "Pods-mHealthGame.release.xcconfig"; path = "Target Support Files/Pods-mHealthGame/Pods-mHealthGame.release.xcconfig"; sourceTree = "<group>"; };
/* End PBXFileReference section */

/* Begin PBXFrameworksBuildPhase section */
		8B66F56D2561D86200067D7F /* Frameworks */ = {
			isa = PBXFrameworksBuildPhase;
			buildActionMask = 2147483647;
			files = (
				AD0884A7F81EF0F14F848623 /* Pods_mHealthGame.framework in Frameworks */,
				8B053EDA259BFE7100C9F4A9 /* HealthKit.framework in Frameworks */,
			);
			runOnlyForDeploymentPostprocessing = 0;
		};
/* End PBXFrameworksBuildPhase section */

/* Begin PBXGroup section */
		7A4C2FAACE42BF61EA3788D7 /* Frameworks */ = {
			isa = PBXGroup;
			children = (
				8B053ED9259BFE7100C9F4A9 /* HealthKit.framework */,
				1DBDF773429D0FB701298499 /* Pods_mHealthGame.framework */,
			);
			name = Frameworks;
			sourceTree = "<group>";
		};
		8B0130A625E969170096EC60 /* Graphs */ = {
			isa = PBXGroup;
			children = (
				8B0130AA25E969B30096EC60 /* GraphViewController.swift */,
			);
			path = Graphs;
			sourceTree = "<group>";
		};
		8B0130AD25E9BDEC0096EC60 /* Table NIB */ = {
			isa = PBXGroup;
			children = (
				8B0130B025EA83E70096EC60 /* ProgressTableViewCell.xib */,
				8B533EF025DC26A000F84B98 /* PrototypeTableViewCell.xib */,
				8B533F0025DEDD4800F84B98 /* FriendTableViewCell.xib */,
				8B533F0925DF668600F84B98 /* FriendLsitTableViewCell.xib */,
				8B533F0E25E323AA00F84B98 /* LeaderboardTableViewCell.xib */,
			);
			path = "Table NIB";
			sourceTree = "<group>";
		};
		8B4EE18625BF11E50021E98A /* Game Taps */ = {
			isa = PBXGroup;
			children = (
				8B4EE18F25BF179A0021E98A /* FightArenaViewController.swift */,
				8B08FCE125C09AF500A4DAC9 /* RunGameViewController.swift */,
			);
			path = "Game Taps";
			sourceTree = "<group>";
		};
		8B4EE19425BF1CD20021E98A /* Scene */ = {
			isa = PBXGroup;
			children = (
				8B4EE19525BF1CE50021E98A /* GameScene.swift */,
				8B6A5E0625C6507100A89D80 /* FightScene.swift */,
				8B08FCE825C2460800A4DAC9 /* GameElement.swift */,
				8B08FCEB25C24A2A00A4DAC9 /* CountdownLabel.swift */,
			);
			path = Scene;
			sourceTree = "<group>";
		};
		8B4F3E582609D0F500A326B9 /* Font */ = {
			isa = PBXGroup;
			children = (
				8B4F3E842609F3A800A326B9 /* MavenPro-VariableFont_wght.ttf */,
				8B4F3E7C2609F39B00A326B9 /* MavenPro-Medium.ttf */,
				8B4F3E7B2609F39A00A326B9 /* MavenPro-Black.ttf */,
				8B4F3E792609F39900A326B9 /* MavenPro-Regular.ttf */,
				8B4F3E7A2609F39900A326B9 /* MavenPro-ExtraBold.ttf */,
				8B4F3E772609F39800A326B9 /* MavenPro-Bold.ttf */,
				8B4F3E782609F39800A326B9 /* MavenPro-SemiBold.ttf */,
			);
			path = Font;
			sourceTree = "<group>";
		};
		8B4F3E86260CDE2600A326B9 /* Help */ = {
			isa = PBXGroup;
			children = (
				8B4F3E87260CDE4100A326B9 /* ProfileHelpViewController.swift */,
				8B4F3E8C260CFD2300A326B9 /* GameHelpViewController.swift */,
			);
			path = Help;
			sourceTree = "<group>";
		};
		8B51CCA3257ABE9D00A61078 /* Extension */ = {
			isa = PBXGroup;
			children = (
				8BB694B6256C3C1F0057B175 /* Extension.swift */,
				8B51CCA0257AA7F900A61078 /* SettingViewExtension.swift */,
				8B51CCA7257AC41700A61078 /* LoginViewExtension.swift */,
				8BC96802257C35500017E4E8 /* PasswordRecoveredExtension.swift */,
				8B33B1DE257EE72100475C01 /* HomeViewExtension.swift */,
				8BF65C0925CCE67300529B7C /* HealthManagerExtension.swift */,
				8B47B93D25F9B510008B1372 /* FTButtonNode.swift */,
			);
			path = Extension;
			sourceTree = "<group>";
		};
		8B533EFB25DEDD0700F84B98 /* Table Cells */ = {
			isa = PBXGroup;
			children = (
				8B0130AD25E9BDEC0096EC60 /* Table NIB */,
				8B533EEF25DC26A000F84B98 /* PrototypeTableViewCell.swift */,
				8B533EFF25DEDD4800F84B98 /* FriendTableViewCell.swift */,
				8B533F0825DF668600F84B98 /* FriendLsitTableViewCell.swift */,
				8B533F0D25E323AA00F84B98 /* LeaderboardTableViewCell.swift */,
				8B0130AF25EA83E70096EC60 /* ProgressTableViewCell.swift */,
			);
			path = "Table Cells";
			sourceTree = "<group>";
		};
		8B66F5672561D86200067D7F = {
			isa = PBXGroup;
			children = (
				8B66F5722561D86200067D7F /* mHealthGame */,
				8B66F5712561D86200067D7F /* Products */,
				F2B9D1C6EED460D7E0E07541 /* Pods */,
				7A4C2FAACE42BF61EA3788D7 /* Frameworks */,
			);
			sourceTree = "<group>";
		};
		8B66F5712561D86200067D7F /* Products */ = {
			isa = PBXGroup;
			children = (
				8B66F5702561D86200067D7F /* mHealthGame.app */,
			);
			name = Products;
			sourceTree = "<group>";
		};
		8B66F5722561D86200067D7F /* mHealthGame */ = {
			isa = PBXGroup;
			children = (
				8B053ED8259BFE7100C9F4A9 /* mHealthGame.entitlements */,
				8B66F58C2561D8CE00067D7F /* Resources */,
				8B66F58B2561D8C500067D7F /* Models */,
				8B66F58A2561D8BE00067D7F /* Views */,
				8B66F5892561D8B700067D7F /* Controllers */,
				8B66F5812561D86600067D7F /* Info.plist */,
			);
			path = mHealthGame;
			sourceTree = "<group>";
		};
		8B66F5892561D8B700067D7F /* Controllers */ = {
			isa = PBXGroup;
			children = (
				8B66F5B22565F39E00067D7F /* Core Taps */,
				8B66F5902561DAFD00067D7F /* Other */,
			);
			path = Controllers;
			sourceTree = "<group>";
		};
		8B66F58A2561D8BE00067D7F /* Views */ = {
			isa = PBXGroup;
			children = (
				8B66F57C2561D86600067D7F /* Assets.xcassets */,
				8B4EE19425BF1CD20021E98A /* Scene */,
				8B66F58E2561D97A00067D7F /* Storyboards */,
			);
			path = Views;
			sourceTree = "<group>";
		};
		8B66F58B2561D8C500067D7F /* Models */ = {
			isa = PBXGroup;
			children = (
				8BB6949C256831420057B175 /* AuthManager.swift */,
				8BB694992568307E0057B175 /* DatabaseManager.swift */,
				8BB6949F256831660057B175 /* StorageManager.swift */,
				8B053ED5259AC5FE00C9F4A9 /* HealthManager.swift */,
				8B08FCEE25C2F16C00A4DAC9 /* MotionManager.swift */,
				8B0130B525EDD2280096EC60 /* EventManager.swift */,
				8B72231E25EEFBF90058C6F1 /* NotificationManager.swift */,
			);
			path = Models;
			sourceTree = "<group>";
		};
		8B66F58C2561D8CE00067D7F /* Resources */ = {
			isa = PBXGroup;
			children = (
				8B4F3E582609D0F500A326B9 /* Font */,
				8B6A5DFA25C36F1E00A89D80 /* Sound */,
				8B51CCA3257ABE9D00A61078 /* Extension */,
				8B66F5732561D86200067D7F /* AppDelegate.swift */,
				8B66F59C2565F13700067D7F /* GoogleService-Info.plist */,
				8B66F5752561D86200067D7F /* SceneDelegate.swift */,
				8B08FCE425C0A82400A4DAC9 /* MyUtils.swift */,
			);
			path = Resources;
			sourceTree = "<group>";
		};
		8B66F58E2561D97A00067D7F /* Storyboards */ = {
			isa = PBXGroup;
			children = (
				8B66F5792561D86200067D7F /* Main.storyboard */,
				8B66F57E2561D86600067D7F /* LaunchScreen.storyboard */,
				8BC967FC257C33870017E4E8 /* Storyboard.storyboard */,
			);
			path = Storyboards;
			sourceTree = "<group>";
		};
		8B66F5902561DAFD00067D7F /* Other */ = {
			isa = PBXGroup;
			children = (
				8B4F3E86260CDE2600A326B9 /* Help */,
				8B0130A625E969170096EC60 /* Graphs */,
				8B533EFB25DEDD0700F84B98 /* Table Cells */,
				8B4EE18625BF11E50021E98A /* Game Taps */,
				8BB6949725682C240057B175 /* General */,
				8B66F5912561DB0B00067D7F /* Onboarding */,
			);
			path = Other;
			sourceTree = "<group>";
		};
		8B66F5912561DB0B00067D7F /* Onboarding */ = {
			isa = PBXGroup;
			children = (
				8B66F5922561DB4A00067D7F /* LoginViewController.swift */,
				8B66F5952561DB6400067D7F /* RegistrationViewController.swift */,
				8BC967FF257C33E00017E4E8 /* PasswordRecoverViewController.swift */,
				8B533EF425DDAEC300F84B98 /* FriendViewController.swift */,
				8B533EF825DDB7C300F84B98 /* FriendRequestViewController.swift */,
			);
			path = Onboarding;
			sourceTree = "<group>";
		};
		8B66F5B22565F39E00067D7F /* Core Taps */ = {
			isa = PBXGroup;
			children = (
				8BB694BF256D96400057B175 /* ProfileViewController.swift */,
				8B66F5772561D86200067D7F /* HomeViewController.swift */,
				8B51CC9925795F8800A61078 /* LeaderboardViewController.swift */,
				8B0130A325E94A280096EC60 /* ProgressViewController.swift */,
			);
			path = "Core Taps";
			sourceTree = "<group>";
		};
		8B6A5DFA25C36F1E00A89D80 /* Sound */ = {
			isa = PBXGroup;
			children = (
				8B6A5DFB25C36F4300A89D80 /* youwin.mp3 */,
				8B6A5DFE25C3709E00A89D80 /* gameover.mp3 */,
				8BF65C0625CA520100529B7C /* punch.mp3 */,
				8B6A5E0125C370FB00A89D80 /* youwin2.mp3 */,
				8BF65C0325CA4DAA00529B7C /* slash.mp3 */,
			);
			path = Sound;
			sourceTree = "<group>";
		};
		8BB6949725682C240057B175 /* General */ = {
			isa = PBXGroup;
			children = (
				8BB694BA256D54D70057B175 /* SettingViewController.swift */,
				8B72232225EFD8190058C6F1 /* NotificationSettingViewController.swift */,
			);
			path = General;
			sourceTree = "<group>";
		};
		F2B9D1C6EED460D7E0E07541 /* Pods */ = {
			isa = PBXGroup;
			children = (
				222989B0A8AC712A2E7F3C87 /* Pods-mHealthGame.debug.xcconfig */,
				A9F0CD0729FC7F4D8A5FDA34 /* Pods-mHealthGame.release.xcconfig */,
			);
			path = Pods;
			sourceTree = "<group>";
		};
/* End PBXGroup section */

/* Begin PBXNativeTarget section */
		8B66F56F2561D86200067D7F /* mHealthGame */ = {
			isa = PBXNativeTarget;
			buildConfigurationList = 8B66F5842561D86600067D7F /* Build configuration list for PBXNativeTarget "mHealthGame" */;
			buildPhases = (
				509DBAD445F85C3306DA4756 /* [CP] Check Pods Manifest.lock */,
				8B66F56C2561D86200067D7F /* Sources */,
				8B66F56D2561D86200067D7F /* Frameworks */,
				8B66F56E2561D86200067D7F /* Resources */,
				AEAA9471118F9C77B4992C60 /* [CP] Embed Pods Frameworks */,
			);
			buildRules = (
			);
			dependencies = (
			);
			name = mHealthGame;
			productName = mHealthGame;
			productReference = 8B66F5702561D86200067D7F /* mHealthGame.app */;
			productType = "com.apple.product-type.application";
		};
/* End PBXNativeTarget section */

/* Begin PBXProject section */
		8B66F5682561D86200067D7F /* Project object */ = {
			isa = PBXProject;
			attributes = {
				LastSwiftUpdateCheck = 1210;
				LastUpgradeCheck = 1210;
				TargetAttributes = {
					8B66F56F2561D86200067D7F = {
						CreatedOnToolsVersion = 12.1;
					};
				};
			};
			buildConfigurationList = 8B66F56B2561D86200067D7F /* Build configuration list for PBXProject "mHealthGame" */;
			compatibilityVersion = "Xcode 9.3";
			developmentRegion = en;
			hasScannedForEncodings = 0;
			knownRegions = (
				en,
				Base,
			);
			mainGroup = 8B66F5672561D86200067D7F;
			productRefGroup = 8B66F5712561D86200067D7F /* Products */;
			projectDirPath = "";
			projectRoot = "";
			targets = (
				8B66F56F2561D86200067D7F /* mHealthGame */,
			);
		};
/* End PBXProject section */

/* Begin PBXResourcesBuildPhase section */
		8B66F56E2561D86200067D7F /* Resources */ = {
			isa = PBXResourcesBuildPhase;
			buildActionMask = 2147483647;
			files = (
				8B533EF225DC26A000F84B98 /* PrototypeTableViewCell.xib in Resources */,
				8B6A5DFF25C3709F00A89D80 /* gameover.mp3 in Resources */,
				8B4F3E822609F39B00A326B9 /* MavenPro-Medium.ttf in Resources */,
				8B4F3E852609F3A800A326B9 /* MavenPro-VariableFont_wght.ttf in Resources */,
				8BF65C0425CA4DAA00529B7C /* slash.mp3 in Resources */,
				8B4F3E7D2609F39B00A326B9 /* MavenPro-Bold.ttf in Resources */,
				8B66F5802561D86600067D7F /* LaunchScreen.storyboard in Resources */,
				8B66F59D2565F13700067D7F /* GoogleService-Info.plist in Resources */,
				8B66F57D2561D86600067D7F /* Assets.xcassets in Resources */,
				8B4F3E7F2609F39B00A326B9 /* MavenPro-Regular.ttf in Resources */,
				8B0130B225EA83E70096EC60 /* ProgressTableViewCell.xib in Resources */,
				8BF65C0725CA520100529B7C /* punch.mp3 in Resources */,
				8B4F3E7E2609F39B00A326B9 /* MavenPro-SemiBold.ttf in Resources */,
				8B533F1025E323AA00F84B98 /* LeaderboardTableViewCell.xib in Resources */,
				8B4F3E812609F39B00A326B9 /* MavenPro-Black.ttf in Resources */,
				8B533F0225DEDD4800F84B98 /* FriendTableViewCell.xib in Resources */,
				8B66F57B2561D86200067D7F /* Main.storyboard in Resources */,
				8B4F3E802609F39B00A326B9 /* MavenPro-ExtraBold.ttf in Resources */,
				8BC967FD257C33870017E4E8 /* Storyboard.storyboard in Resources */,
				8B533F0B25DF668600F84B98 /* FriendLsitTableViewCell.xib in Resources */,
				8B6A5E0225C370FB00A89D80 /* youwin2.mp3 in Resources */,
				8B6A5DFC25C36F4300A89D80 /* youwin.mp3 in Resources */,
			);
			runOnlyForDeploymentPostprocessing = 0;
		};
/* End PBXResourcesBuildPhase section */

/* Begin PBXShellScriptBuildPhase section */
		509DBAD445F85C3306DA4756 /* [CP] Check Pods Manifest.lock */ = {
			isa = PBXShellScriptBuildPhase;
			buildActionMask = 2147483647;
			files = (
			);
			inputFileListPaths = (
			);
			inputPaths = (
				"${PODS_PODFILE_DIR_PATH}/Podfile.lock",
				"${PODS_ROOT}/Manifest.lock",
			);
			name = "[CP] Check Pods Manifest.lock";
			outputFileListPaths = (
			);
			outputPaths = (
				"$(DERIVED_FILE_DIR)/Pods-mHealthGame-checkManifestLockResult.txt",
			);
			runOnlyForDeploymentPostprocessing = 0;
			shellPath = /bin/sh;
			shellScript = "diff \"${PODS_PODFILE_DIR_PATH}/Podfile.lock\" \"${PODS_ROOT}/Manifest.lock\" > /dev/null\nif [ $? != 0 ] ; then\n    # print error to STDERR\n    echo \"error: The sandbox is not in sync with the Podfile.lock. Run 'pod install' or update your CocoaPods installation.\" >&2\n    exit 1\nfi\n# This output is used by Xcode 'outputs' to avoid re-running this script phase.\necho \"SUCCESS\" > \"${SCRIPT_OUTPUT_FILE_0}\"\n";
			showEnvVarsInLog = 0;
		};
		AEAA9471118F9C77B4992C60 /* [CP] Embed Pods Frameworks */ = {
			isa = PBXShellScriptBuildPhase;
			buildActionMask = 2147483647;
			files = (
			);
			inputFileListPaths = (
				"${PODS_ROOT}/Target Support Files/Pods-mHealthGame/Pods-mHealthGame-frameworks-${CONFIGURATION}-input-files.xcfilelist",
			);
			name = "[CP] Embed Pods Frameworks";
			outputFileListPaths = (
				"${PODS_ROOT}/Target Support Files/Pods-mHealthGame/Pods-mHealthGame-frameworks-${CONFIGURATION}-output-files.xcfilelist",
			);
			runOnlyForDeploymentPostprocessing = 0;
			shellPath = /bin/sh;
			shellScript = "\"${PODS_ROOT}/Target Support Files/Pods-mHealthGame/Pods-mHealthGame-frameworks.sh\"\n";
			showEnvVarsInLog = 0;
		};
/* End PBXShellScriptBuildPhase section */

/* Begin PBXSourcesBuildPhase section */
		8B66F56C2561D86200067D7F /* Sources */ = {
			isa = PBXSourcesBuildPhase;
			buildActionMask = 2147483647;
			files = (
				8B33B1DF257EE72100475C01 /* HomeViewExtension.swift in Sources */,
				8BF65C0A25CCE67300529B7C /* HealthManagerExtension.swift in Sources */,
				8B08FCE525C0A82400A4DAC9 /* MyUtils.swift in Sources */,
				8B4F3E8D260CFD2300A326B9 /* GameHelpViewController.swift in Sources */,
				8B053ED6259AC5FE00C9F4A9 /* HealthManager.swift in Sources */,
				8BB694B7256C3C1F0057B175 /* Extension.swift in Sources */,
				8B4EE19025BF179A0021E98A /* FightArenaViewController.swift in Sources */,
				8B72231F25EEFBFA0058C6F1 /* NotificationManager.swift in Sources */,
				8B0130B125EA83E70096EC60 /* ProgressTableViewCell.swift in Sources */,
				8B66F5932561DB4A00067D7F /* LoginViewController.swift in Sources */,
				8B0130A425E94A280096EC60 /* ProgressViewController.swift in Sources */,
				8B533EF525DDAEC300F84B98 /* FriendViewController.swift in Sources */,
				8B51CCA1257AA7F900A61078 /* SettingViewExtension.swift in Sources */,
				8BB694C0256D96400057B175 /* ProfileViewController.swift in Sources */,
				8BC96803257C35500017E4E8 /* PasswordRecoveredExtension.swift in Sources */,
				8B51CC9A25795F8800A61078 /* LeaderboardViewController.swift in Sources */,
				8BB6949D256831420057B175 /* AuthManager.swift in Sources */,
				8B08FCEF25C2F16C00A4DAC9 /* MotionManager.swift in Sources */,
				8B4EE19625BF1CE50021E98A /* GameScene.swift in Sources */,
				8B533F0F25E323AA00F84B98 /* LeaderboardTableViewCell.swift in Sources */,
				8B533F0A25DF668600F84B98 /* FriendLsitTableViewCell.swift in Sources */,
				8B66F5782561D86200067D7F /* HomeViewController.swift in Sources */,
				8B0130AB25E969B30096EC60 /* GraphViewController.swift in Sources */,
				8B0130B625EDD2280096EC60 /* EventManager.swift in Sources */,
				8B08FCE925C2460800A4DAC9 /* GameElement.swift in Sources */,
				8BB6949A2568307E0057B175 /* DatabaseManager.swift in Sources */,
				8BB694BB256D54D70057B175 /* SettingViewController.swift in Sources */,
				8B08FCEC25C24A2A00A4DAC9 /* CountdownLabel.swift in Sources */,
				8B533EF925DDB7C300F84B98 /* FriendRequestViewController.swift in Sources */,
				8B66F5742561D86200067D7F /* AppDelegate.swift in Sources */,
				8B51CCA8257AC41700A61078 /* LoginViewExtension.swift in Sources */,
				8B533F0125DEDD4800F84B98 /* FriendTableViewCell.swift in Sources */,
				8BC96800257C33E00017E4E8 /* PasswordRecoverViewController.swift in Sources */,
				8B6A5E0725C6507100A89D80 /* FightScene.swift in Sources */,
				8B4F3E88260CDE4100A326B9 /* ProfileHelpViewController.swift in Sources */,
				8B47B93E25F9B510008B1372 /* FTButtonNode.swift in Sources */,
				8B72232325EFD8190058C6F1 /* NotificationSettingViewController.swift in Sources */,
				8B66F5762561D86200067D7F /* SceneDelegate.swift in Sources */,
				8B533EF125DC26A000F84B98 /* PrototypeTableViewCell.swift in Sources */,
				8B08FCE225C09AF500A4DAC9 /* RunGameViewController.swift in Sources */,
				8B66F5962561DB6400067D7F /* RegistrationViewController.swift in Sources */,
				8BB694A0256831660057B175 /* StorageManager.swift in Sources */,
			);
			runOnlyForDeploymentPostprocessing = 0;
		};
/* End PBXSourcesBuildPhase section */

/* Begin PBXVariantGroup section */
		8B66F5792561D86200067D7F /* Main.storyboard */ = {
			isa = PBXVariantGroup;
			children = (
				8B66F57A2561D86200067D7F /* Base */,
			);
			name = Main.storyboard;
			sourceTree = "<group>";
		};
		8B66F57E2561D86600067D7F /* LaunchScreen.storyboard */ = {
			isa = PBXVariantGroup;
			children = (
				8B66F57F2561D86600067D7F /* Base */,
			);
			name = LaunchScreen.storyboard;
			sourceTree = "<group>";
		};
/* End PBXVariantGroup section */

/* Begin XCBuildConfiguration section */
		8B66F5822561D86600067D7F /* Debug */ = {
			isa = XCBuildConfiguration;
			buildSettings = {
				ALWAYS_SEARCH_USER_PATHS = NO;
				CLANG_ANALYZER_NONNULL = YES;
				CLANG_ANALYZER_NUMBER_OBJECT_CONVERSION = YES_AGGRESSIVE;
				CLANG_CXX_LANGUAGE_STANDARD = "gnu++14";
				CLANG_CXX_LIBRARY = "libc++";
				CLANG_ENABLE_MODULES = YES;
				CLANG_ENABLE_OBJC_ARC = YES;
				CLANG_ENABLE_OBJC_WEAK = YES;
				CLANG_WARN_BLOCK_CAPTURE_AUTORELEASING = YES;
				CLANG_WARN_BOOL_CONVERSION = YES;
				CLANG_WARN_COMMA = YES;
				CLANG_WARN_CONSTANT_CONVERSION = YES;
				CLANG_WARN_DEPRECATED_OBJC_IMPLEMENTATIONS = YES;
				CLANG_WARN_DIRECT_OBJC_ISA_USAGE = YES_ERROR;
				CLANG_WARN_DOCUMENTATION_COMMENTS = YES;
				CLANG_WARN_EMPTY_BODY = YES;
				CLANG_WARN_ENUM_CONVERSION = YES;
				CLANG_WARN_INFINITE_RECURSION = YES;
				CLANG_WARN_INT_CONVERSION = YES;
				CLANG_WARN_NON_LITERAL_NULL_CONVERSION = YES;
				CLANG_WARN_OBJC_IMPLICIT_RETAIN_SELF = YES;
				CLANG_WARN_OBJC_LITERAL_CONVERSION = YES;
				CLANG_WARN_OBJC_ROOT_CLASS = YES_ERROR;
				CLANG_WARN_QUOTED_INCLUDE_IN_FRAMEWORK_HEADER = YES;
				CLANG_WARN_RANGE_LOOP_ANALYSIS = YES;
				CLANG_WARN_STRICT_PROTOTYPES = YES;
				CLANG_WARN_SUSPICIOUS_MOVE = YES;
				CLANG_WARN_UNGUARDED_AVAILABILITY = YES_AGGRESSIVE;
				CLANG_WARN_UNREACHABLE_CODE = YES;
				CLANG_WARN__DUPLICATE_METHOD_MATCH = YES;
				COPY_PHASE_STRIP = NO;
				DEBUG_INFORMATION_FORMAT = dwarf;
				ENABLE_STRICT_OBJC_MSGSEND = YES;
				ENABLE_TESTABILITY = YES;
				GCC_C_LANGUAGE_STANDARD = gnu11;
				GCC_DYNAMIC_NO_PIC = NO;
				GCC_NO_COMMON_BLOCKS = YES;
				GCC_OPTIMIZATION_LEVEL = 0;
				GCC_PREPROCESSOR_DEFINITIONS = (
					"DEBUG=1",
					"$(inherited)",
				);
				GCC_WARN_64_TO_32_BIT_CONVERSION = YES;
				GCC_WARN_ABOUT_RETURN_TYPE = YES_ERROR;
				GCC_WARN_UNDECLARED_SELECTOR = YES;
				GCC_WARN_UNINITIALIZED_AUTOS = YES_AGGRESSIVE;
				GCC_WARN_UNUSED_FUNCTION = YES;
				GCC_WARN_UNUSED_VARIABLE = YES;
				IPHONEOS_DEPLOYMENT_TARGET = 14.1;
				MTL_ENABLE_DEBUG_INFO = INCLUDE_SOURCE;
				MTL_FAST_MATH = YES;
				ONLY_ACTIVE_ARCH = YES;
				SDKROOT = iphoneos;
				SWIFT_ACTIVE_COMPILATION_CONDITIONS = DEBUG;
				SWIFT_OPTIMIZATION_LEVEL = "-Onone";
			};
			name = Debug;
		};
		8B66F5832561D86600067D7F /* Release */ = {
			isa = XCBuildConfiguration;
			buildSettings = {
				ALWAYS_SEARCH_USER_PATHS = NO;
				CLANG_ANALYZER_NONNULL = YES;
				CLANG_ANALYZER_NUMBER_OBJECT_CONVERSION = YES_AGGRESSIVE;
				CLANG_CXX_LANGUAGE_STANDARD = "gnu++14";
				CLANG_CXX_LIBRARY = "libc++";
				CLANG_ENABLE_MODULES = YES;
				CLANG_ENABLE_OBJC_ARC = YES;
				CLANG_ENABLE_OBJC_WEAK = YES;
				CLANG_WARN_BLOCK_CAPTURE_AUTORELEASING = YES;
				CLANG_WARN_BOOL_CONVERSION = YES;
				CLANG_WARN_COMMA = YES;
				CLANG_WARN_CONSTANT_CONVERSION = YES;
				CLANG_WARN_DEPRECATED_OBJC_IMPLEMENTATIONS = YES;
				CLANG_WARN_DIRECT_OBJC_ISA_USAGE = YES_ERROR;
				CLANG_WARN_DOCUMENTATION_COMMENTS = YES;
				CLANG_WARN_EMPTY_BODY = YES;
				CLANG_WARN_ENUM_CONVERSION = YES;
				CLANG_WARN_INFINITE_RECURSION = YES;
				CLANG_WARN_INT_CONVERSION = YES;
				CLANG_WARN_NON_LITERAL_NULL_CONVERSION = YES;
				CLANG_WARN_OBJC_IMPLICIT_RETAIN_SELF = YES;
				CLANG_WARN_OBJC_LITERAL_CONVERSION = YES;
				CLANG_WARN_OBJC_ROOT_CLASS = YES_ERROR;
				CLANG_WARN_QUOTED_INCLUDE_IN_FRAMEWORK_HEADER = YES;
				CLANG_WARN_RANGE_LOOP_ANALYSIS = YES;
				CLANG_WARN_STRICT_PROTOTYPES = YES;
				CLANG_WARN_SUSPICIOUS_MOVE = YES;
				CLANG_WARN_UNGUARDED_AVAILABILITY = YES_AGGRESSIVE;
				CLANG_WARN_UNREACHABLE_CODE = YES;
				CLANG_WARN__DUPLICATE_METHOD_MATCH = YES;
				COPY_PHASE_STRIP = NO;
				DEBUG_INFORMATION_FORMAT = "dwarf-with-dsym";
				ENABLE_NS_ASSERTIONS = NO;
				ENABLE_STRICT_OBJC_MSGSEND = YES;
				GCC_C_LANGUAGE_STANDARD = gnu11;
				GCC_NO_COMMON_BLOCKS = YES;
				GCC_WARN_64_TO_32_BIT_CONVERSION = YES;
				GCC_WARN_ABOUT_RETURN_TYPE = YES_ERROR;
				GCC_WARN_UNDECLARED_SELECTOR = YES;
				GCC_WARN_UNINITIALIZED_AUTOS = YES_AGGRESSIVE;
				GCC_WARN_UNUSED_FUNCTION = YES;
				GCC_WARN_UNUSED_VARIABLE = YES;
				IPHONEOS_DEPLOYMENT_TARGET = 14.1;
				MTL_ENABLE_DEBUG_INFO = NO;
				MTL_FAST_MATH = YES;
				SDKROOT = iphoneos;
				SWIFT_COMPILATION_MODE = wholemodule;
				SWIFT_OPTIMIZATION_LEVEL = "-O";
				VALIDATE_PRODUCT = YES;
			};
			name = Release;
		};
		8B66F5852561D86600067D7F /* Debug */ = {
			isa = XCBuildConfiguration;
			baseConfigurationReference = 222989B0A8AC712A2E7F3C87 /* Pods-mHealthGame.debug.xcconfig */;
			buildSettings = {
				ASSETCATALOG_COMPILER_APPICON_NAME = AppIcon;
				ASSETCATALOG_COMPILER_GLOBAL_ACCENT_COLOR_NAME = AccentColor;
				CODE_SIGN_ENTITLEMENTS = mHealthGame/mHealthGame.entitlements;
				CODE_SIGN_STYLE = Automatic;
				DEVELOPMENT_TEAM = 4QUWDSYJ8R;
				FRAMEWORK_SEARCH_PATHS = "$(inherited)";
				HEADER_SEARCH_PATHS = "$(inherited)";
				INFOPLIST_FILE = mHealthGame/Info.plist;
				LD_RUNPATH_SEARCH_PATHS = (
					"$(inherited)",
					"@executable_path/Frameworks",
				);
				PRODUCT_BUNDLE_IDENTIFIER = com.example.mHealthGame;
				PRODUCT_NAME = "$(TARGET_NAME)";
				SWIFT_VERSION = 5.0;
				TARGETED_DEVICE_FAMILY = 1;
			};
			name = Debug;
		};
		8B66F5862561D86600067D7F /* Release */ = {
			isa = XCBuildConfiguration;
			baseConfigurationReference = A9F0CD0729FC7F4D8A5FDA34 /* Pods-mHealthGame.release.xcconfig */;
			buildSettings = {
				ASSETCATALOG_COMPILER_APPICON_NAME = AppIcon;
				ASSETCATALOG_COMPILER_GLOBAL_ACCENT_COLOR_NAME = AccentColor;
				CODE_SIGN_ENTITLEMENTS = mHealthGame/mHealthGame.entitlements;
				CODE_SIGN_STYLE = Automatic;
				DEVELOPMENT_TEAM = 4QUWDSYJ8R;
				FRAMEWORK_SEARCH_PATHS = "$(inherited)";
				HEADER_SEARCH_PATHS = "$(inherited)";
				INFOPLIST_FILE = mHealthGame/Info.plist;
				LD_RUNPATH_SEARCH_PATHS = (
					"$(inherited)",
					"@executable_path/Frameworks",
				);
				PRODUCT_BUNDLE_IDENTIFIER = com.example.mHealthGame;
				PRODUCT_NAME = "$(TARGET_NAME)";
				SWIFT_VERSION = 5.0;
				TARGETED_DEVICE_FAMILY = 1;
			};
			name = Release;
		};
/* End XCBuildConfiguration section */

/* Begin XCConfigurationList section */
		8B66F56B2561D86200067D7F /* Build configuration list for PBXProject "mHealthGame" */ = {
			isa = XCConfigurationList;
			buildConfigurations = (
				8B66F5822561D86600067D7F /* Debug */,
				8B66F5832561D86600067D7F /* Release */,
			);
			defaultConfigurationIsVisible = 0;
			defaultConfigurationName = Release;
		};
		8B66F5842561D86600067D7F /* Build configuration list for PBXNativeTarget "mHealthGame" */ = {
			isa = XCConfigurationList;
			buildConfigurations = (
				8B66F5852561D86600067D7F /* Debug */,
				8B66F5862561D86600067D7F /* Release */,
			);
			defaultConfigurationIsVisible = 0;
			defaultConfigurationName = Release;
		};
/* End XCConfigurationList section */
	};
	rootObject = 8B66F5682561D86200067D7F /* Project object */;
}
